
Microsoft Visual Studio Solution File, Format Version 12.00
# Visual Studio Version 17
VisualStudioVersion = 17.2.32616.157
MinimumVisualStudioVersion = 10.0.40219.1
Project("{FAE04EC0-301F-11D3-BF4B-00C04F79EFBC}") = "MarketDashboard", "MarketDashboard\MarketDashboard.csproj", "{FDBA8A4B-2296-4629-A8BD-4BAFF0D79E2E}"
EndProject
Global
	GlobalSection(SolutionConfigurationPlatforms) = preSolution
		Debug|Any CPU = Debug|Any CPU
		Release|Any CPU = Release|Any CPU
	EndGlobalSection
	GlobalSection(ProjectConfigurationPlatforms) = postSolution
		{FDBA8A4B-2296-4629-A8BD-4BAFF0D79E2E}.Debug|Any CPU.ActiveCfg = Debug|Any CPU
		{FDBA8A4B-2296-4629-A8BD-4BAFF0D79E2E}.Debug|Any CPU.Build.0 = Debug|Any CPU
		{FDBA8A4B-2296-4629-A8BD-4BAFF0D79E2E}.Release|Any CPU.ActiveCfg = Release|Any CPU
		{FDBA8A4B-2296-4629-A8BD-4BAFF0D79E2E}.Release|Any CPU.Build.0 = Release|Any CPU
	EndGlobalSection
	GlobalSection(SolutionProperties) = preSolution
		HideSolutionNode = FALSE
	EndGlobalSection
	GlobalSection(ExtensibilityGlobals) = postSolution
		SolutionGuid = {47EB80B3-DA37-4EFE-85BA-FCA0D9FC70A5}
	EndGlobalSection
EndGlobal
